
Microsoft Visual Studio Solution File, Format Version 12.00
Project("{FAE04EC0-301F-11D3-BF4B-00C04F79EFBC}") = "PokerFace", "PokerFace\PokerFace.csproj", "{05A0F15E-C5D3-4B7B-A812-21599F277E48}"
EndProject
Project("{2150E333-8FDC-42A3-9474-1A3956D46DE8}") = "src", "src", "{FCD6CB76-1C8E-42B7-9E00-280129913BDE}"
EndProject
Project("{2150E333-8FDC-42A3-9474-1A3956D46DE8}") = "tests", "tests", "{98DC414F-BFA8-48F7-B2BA-3406E61C5EDD}"
EndProject
Global
	GlobalSection(SolutionConfigurationPlatforms) = preSolution
		Debug|Any CPU = Debug|Any CPU
		Release|Any CPU = Release|Any CPU
	EndGlobalSection
	GlobalSection(ProjectConfigurationPlatforms) = postSolution
		{05A0F15E-C5D3-4B7B-A812-21599F277E48}.Debug|Any CPU.ActiveCfg = Debug|Any CPU
		{05A0F15E-C5D3-4B7B-A812-21599F277E48}.Debug|Any CPU.Build.0 = Debug|Any CPU
		{05A0F15E-C5D3-4B7B-A812-21599F277E48}.Release|Any CPU.ActiveCfg = Release|Any CPU
		{05A0F15E-C5D3-4B7B-A812-21599F277E48}.Release|Any CPU.Build.0 = Release|Any CPU
	EndGlobalSection
	GlobalSection(NestedProjects) = preSolution
		{05A0F15E-C5D3-4B7B-A812-21599F277E48} = {FCD6CB76-1C8E-42B7-9E00-280129913BDE}
	EndGlobalSection
EndGlobal
